
Microsoft Visual Studio Solution File, Format Version 12.00
# Visual Studio Version 16
VisualStudioVersion = 16.0.29709.97
MinimumVisualStudioVersion = 10.0.40219.1
Project("{FAE04EC0-301F-11D3-BF4B-00C04F79EFBC}") = "ConsoleApp1", "ConsoleApp1\ConsoleApp1.csproj", "{D31D13BB-6E3D-44D2-AE9E-A7E1B864D3B4}"
EndProject
Global
	GlobalSection(SolutionConfigurationPlatforms) = preSolution
		Debug|Any CPU = Debug|Any CPU
		Release|Any CPU = Release|Any CPU
	EndGlobalSection
	GlobalSection(ProjectConfigurationPlatforms) = postSolution
		{D31D13BB-6E3D-44D2-AE9E-A7E1B864D3B4}.Debug|Any CPU.ActiveCfg = Debug|Any CPU
		{D31D13BB-6E3D-44D2-AE9E-A7E1B864D3B4}.Debug|Any CPU.Build.0 = Debug|Any CPU
		{D31D13BB-6E3D-44D2-AE9E-A7E1B864D3B4}.Release|Any CPU.ActiveCfg = Release|Any CPU
		{D31D13BB-6E3D-44D2-AE9E-A7E1B864D3B4}.Release|Any CPU.Build.0 = Release|Any CPU
	EndGlobalSection
	GlobalSection(SolutionProperties) = preSolution
		HideSolutionNode = FALSE
	EndGlobalSection
	GlobalSection(ExtensibilityGlobals) = postSolution
		SolutionGuid = {6C2825F8-DBCD-47F4-9E19-0CF50DC3799F}
	EndGlobalSection
EndGlobal
